// !$*UTF8*$!
{
	archiveVersion = 1;
	classes = {
	};
	objectVersion = 50;
	objects = {

/* Begin PBXBuildFile section */
		602B7A3D29A34F960082D3A7 /* CydiaSubstrate.framework in Frameworks */ = {isa = PBXBuildFile; fileRef = 602B7A3C29A34F960082D3A7 /* CydiaSubstrate.framework */; };
		6089792229A34CDC00E2AA65 /* QuartzCore.framework in Frameworks */ = {isa = PBXBuildFile; fileRef = 6089792129A34CDC00E2AA65 /* QuartzCore.framework */; };
		6089792429A34CE300E2AA65 /* CFNetwork.framework in Frameworks */ = {isa = PBXBuildFile; fileRef = 6089792329A34CE200E2AA65 /* CFNetwork.framework */; };
		6089792629A34CEB00E2AA65 /* MobileCoreServices.framework in Frameworks */ = {isa = PBXBuildFile; fileRef = 6089792529A34CEB00E2AA65 /* MobileCoreServices.framework */; };
		6089792829A34CF000E2AA65 /* Security.framework in Frameworks */ = {isa = PBXBuildFile; fileRef = 6089792729A34CF000E2AA65 /* Security.framework */; };
		6089792A29A34CFD00E2AA65 /* Accelerate.framework in Frameworks */ = {isa = PBXBuildFile; fileRef = 6089792929A34CFD00E2AA65 /* Accelerate.framework */; };
		6089792C29A34D0500E2AA65 /* AdSupport.framework in Frameworks */ = {isa = PBXBuildFile; fileRef = 6089792B29A34D0500E2AA65 /* AdSupport.framework */; };
		6089792F29A34D0C00E2AA65 /* MetalKit.framework in Frameworks */ = {isa = PBXBuildFile; fileRef = 6089792D29A34D0C00E2AA65 /* MetalKit.framework */; };
		6089793029A34D0C00E2AA65 /* Metal.framework in Frameworks */ = {isa = PBXBuildFile; fileRef = 6089792E29A34D0C00E2AA65 /* Metal.framework */; };
		6089793229A34D1400E2AA65 /* StoreKit.framework in Frameworks */ = {isa = PBXBuildFile; fileRef = 6089793129A34D1400E2AA65 /* StoreKit.framework */; };
		6089793429A34D1A00E2AA65 /* SystemConfiguration.framework in Frameworks */ = {isa = PBXBuildFile; fileRef = 6089793329A34D1A00E2AA65 /* SystemConfiguration.framework */; };
		6089793629A34D3200E2AA65 /* CoreGraphics.framework in Frameworks */ = {isa = PBXBuildFile; fileRef = 6089793529A34D3200E2AA65 /* CoreGraphics.framework */; };
		60B5A3632AFDCA5D0022D6FB /* FengCheView.mm in Sources */ = {isa = PBXBuildFile; fileRef = 60B5A35F2AFDCA5D0022D6FB /* FengCheView.mm */; };
		60B5A3642AFDCA5D0022D6FB /* NSObject+main.mm in Sources */ = {isa = PBXBuildFile; fileRef = 60B5A3602AFDCA5D0022D6FB /* NSObject+main.mm */; };
		60B5A3652AFDCA5D0022D6FB /* NSObject+main.h in Headers */ = {isa = PBXBuildFile; fileRef = 60B5A3612AFDCA5D0022D6FB /* NSObject+main.h */; };
		60B5A3662AFDCA5D0022D6FB /* FengCheView.h in Headers */ = {isa = PBXBuildFile; fileRef = 60B5A3622AFDCA5D0022D6FB /* FengCheView.h */; };
		60B5A3702AFDCA970022D6FB /* ViewController.h in Headers */ = {isa = PBXBuildFile; fileRef = 60B5A3682AFDCA970022D6FB /* ViewController.h */; };
		60B5A3712AFDCA970022D6FB /* ViewController.m in Sources */ = {isa = PBXBuildFile; fileRef = 60B5A3692AFDCA970022D6FB /* ViewController.m */; };
		60B5A3722AFDCA970022D6FB /* Window.h in Headers */ = {isa = PBXBuildFile; fileRef = 60B5A36A2AFDCA970022D6FB /* Window.h */; };
		60B5A3732AFDCA970022D6FB /* Window.m in Sources */ = {isa = PBXBuildFile; fileRef = 60B5A36B2AFDCA970022D6FB /* Window.m */; };
		60B5A3742AFDCA970022D6FB /* YMUIViewController.h in Headers */ = {isa = PBXBuildFile; fileRef = 60B5A36C2AFDCA970022D6FB /* YMUIViewController.h */; };
		60B5A3752AFDCA970022D6FB /* YMUIViewController.m in Sources */ = {isa = PBXBuildFile; fileRef = 60B5A36D2AFDCA970022D6FB /* YMUIViewController.m */; };
		60B5A3762AFDCA970022D6FB /* YMUIWindow.h in Headers */ = {isa = PBXBuildFile; fileRef = 60B5A36E2AFDCA970022D6FB /* YMUIWindow.h */; };
		60B5A3772AFDCA970022D6FB /* YMUIWindow.m in Sources */ = {isa = PBXBuildFile; fileRef = 60B5A36F2AFDCA970022D6FB /* YMUIWindow.m */; };
		EAD99F29292FC92200587574 /* UIKit.framework in Frameworks */ = {isa = PBXBuildFile; fileRef = EAD99F28292FC92200587574 /* UIKit.framework */; };
		EAD99F2B292FC92C00587574 /* AVFoundation.framework in Frameworks */ = {isa = PBXBuildFile; fileRef = EAD99F2A292FC92C00587574 /* AVFoundation.framework */; };
/* End PBXBuildFile section */

/* Begin PBXCopyFilesBuildPhase section */
		6089793E29A34DCB00E2AA65 /* Embed Frameworks */ = {
			isa = PBXCopyFilesBuildPhase;
			buildActionMask = 2147483647;
			dstPath = "";
			dstSubfolderSpec = 10;
			files = (
			);
			name = "Embed Frameworks";
			runOnlyForDeploymentPostprocessing = 0;
		};
/* End PBXCopyFilesBuildPhase section */

/* Begin PBXFileReference section */
		602B7A3C29A34F960082D3A7 /* CydiaSubstrate.framework */ = {isa = PBXFileReference; lastKnownFileType = wrapper.framework; path = CydiaSubstrate.framework; sourceTree = "<group>"; };
		608978CB29A34CC000E2AA65 /* control */ = {isa = PBXFileReference; fileEncoding = 4; lastKnownFileType = text; path = control; sourceTree = "<group>"; };
		608978CF29A34CC000E2AA65 /* kuajincheng.dylib */ = {isa = PBXFileReference; lastKnownFileType = "compiled.mach-o.dylib"; path = kuajincheng.dylib; sourceTree = "<group>"; };
		608978D029A34CC000E2AA65 /* kuajincheng.plist */ = {isa = PBXFileReference; fileEncoding = 4; lastKnownFileType = text.plist.xml; path = kuajincheng.plist; sourceTree = "<group>"; };
		6089792129A34CDC00E2AA65 /* QuartzCore.framework */ = {isa = PBXFileReference; lastKnownFileType = wrapper.framework; name = QuartzCore.framework; path = System/Library/Frameworks/QuartzCore.framework; sourceTree = SDKROOT; };
		6089792329A34CE200E2AA65 /* CFNetwork.framework */ = {isa = PBXFileReference; lastKnownFileType = wrapper.framework; name = CFNetwork.framework; path = System/Library/Frameworks/CFNetwork.framework; sourceTree = SDKROOT; };
		6089792529A34CEB00E2AA65 /* MobileCoreServices.framework */ = {isa = PBXFileReference; lastKnownFileType = wrapper.framework; name = MobileCoreServices.framework; path = System/Library/Frameworks/MobileCoreServices.framework; sourceTree = SDKROOT; };
		6089792729A34CF000E2AA65 /* Security.framework */ = {isa = PBXFileReference; lastKnownFileType = wrapper.framework; name = Security.framework; path = System/Library/Frameworks/Security.framework; sourceTree = SDKROOT; };
		6089792929A34CFD00E2AA65 /* Accelerate.framework */ = {isa = PBXFileReference; lastKnownFileType = wrapper.framework; name = Accelerate.framework; path = System/Library/Frameworks/Accelerate.framework; sourceTree = SDKROOT; };
		6089792B29A34D0500E2AA65 /* AdSupport.framework */ = {isa = PBXFileReference; lastKnownFileType = wrapper.framework; name = AdSupport.framework; path = System/Library/Frameworks/AdSupport.framework; sourceTree = SDKROOT; };
		6089792D29A34D0C00E2AA65 /* MetalKit.framework */ = {isa = PBXFileReference; lastKnownFileType = wrapper.framework; name = MetalKit.framework; path = System/Library/Frameworks/MetalKit.framework; sourceTree = SDKROOT; };
		6089792E29A34D0C00E2AA65 /* Metal.framework */ = {isa = PBXFileReference; lastKnownFileType = wrapper.framework; name = Metal.framework; path = System/Library/Frameworks/Metal.framework; sourceTree = SDKROOT; };
		6089793129A34D1400E2AA65 /* StoreKit.framework */ = {isa = PBXFileReference; lastKnownFileType = wrapper.framework; name = StoreKit.framework; path = System/Library/Frameworks/StoreKit.framework; sourceTree = SDKROOT; };
		6089793329A34D1A00E2AA65 /* SystemConfiguration.framework */ = {isa = PBXFileReference; lastKnownFileType = wrapper.framework; name = SystemConfiguration.framework; path = System/Library/Frameworks/SystemConfiguration.framework; sourceTree = SDKROOT; };
		6089793529A34D3200E2AA65 /* CoreGraphics.framework */ = {isa = PBXFileReference; lastKnownFileType = wrapper.framework; name = CoreGraphics.framework; path = System/Library/Frameworks/CoreGraphics.framework; sourceTree = SDKROOT; };
		60B5A35F2AFDCA5D0022D6FB /* FengCheView.mm */ = {isa = PBXFileReference; fileEncoding = 4; lastKnownFileType = sourcecode.cpp.objcpp; path = FengCheView.mm; sourceTree = "<group>"; };
		60B5A3602AFDCA5D0022D6FB /* NSObject+main.mm */ = {isa = PBXFileReference; fileEncoding = 4; lastKnownFileType = sourcecode.cpp.objcpp; path = "NSObject+main.mm"; sourceTree = "<group>"; };
		60B5A3612AFDCA5D0022D6FB /* NSObject+main.h */ = {isa = PBXFileReference; fileEncoding = 4; lastKnownFileType = sourcecode.c.h; path = "NSObject+main.h"; sourceTree = "<group>"; };
		60B5A3622AFDCA5D0022D6FB /* FengCheView.h */ = {isa = PBXFileReference; fileEncoding = 4; lastKnownFileType = sourcecode.c.h; path = FengCheView.h; sourceTree = "<group>"; };
		60B5A3682AFDCA970022D6FB /* ViewController.h */ = {isa = PBXFileReference; fileEncoding = 4; lastKnownFileType = sourcecode.c.h; path = ViewController.h; sourceTree = "<group>"; };
		60B5A3692AFDCA970022D6FB /* ViewController.m */ = {isa = PBXFileReference; fileEncoding = 4; lastKnownFileType = sourcecode.c.objc; path = ViewController.m; sourceTree = "<group>"; };
		60B5A36A2AFDCA970022D6FB /* Window.h */ = {isa = PBXFileReference; fileEncoding = 4; lastKnownFileType = sourcecode.c.h; path = Window.h; sourceTree = "<group>"; };
		60B5A36B2AFDCA970022D6FB /* Window.m */ = {isa = PBXFileReference; fileEncoding = 4; lastKnownFileType = sourcecode.c.objc; path = Window.m; sourceTree = "<group>"; };
		60B5A36C2AFDCA970022D6FB /* YMUIViewController.h */ = {isa = PBXFileReference; fileEncoding = 4; lastKnownFileType = sourcecode.c.h; path = YMUIViewController.h; sourceTree = "<group>"; };
		60B5A36D2AFDCA970022D6FB /* YMUIViewController.m */ = {isa = PBXFileReference; fileEncoding = 4; lastKnownFileType = sourcecode.c.objc; path = YMUIViewController.m; sourceTree = "<group>"; };
		60B5A36E2AFDCA970022D6FB /* YMUIWindow.h */ = {isa = PBXFileReference; fileEncoding = 4; lastKnownFileType = sourcecode.c.h; path = YMUIWindow.h; sourceTree = "<group>"; };
		60B5A36F2AFDCA970022D6FB /* YMUIWindow.m */ = {isa = PBXFileReference; fileEncoding = 4; lastKnownFileType = sourcecode.c.objc; path = YMUIWindow.m; sourceTree = "<group>"; };
		CD7019F2283E76A3006DC3F7 /* 3456.dylib */ = {isa = PBXFileReference; explicitFileType = "compiled.mach-o.dylib"; includeInIndex = 0; path = 3456.dylib; sourceTree = BUILT_PRODUCTS_DIR; };
		EAD99F28292FC92200587574 /* UIKit.framework */ = {isa = PBXFileReference; lastKnownFileType = wrapper.framework; name = UIKit.framework; path = System/Library/Frameworks/UIKit.framework; sourceTree = SDKROOT; };
		EAD99F2A292FC92C00587574 /* AVFoundation.framework */ = {isa = PBXFileReference; lastKnownFileType = wrapper.framework; name = AVFoundation.framework; path = System/Library/Frameworks/AVFoundation.framework; sourceTree = SDKROOT; };
/* End PBXFileReference section */

/* Begin PBXFrameworksBuildPhase section */
		CD7019EE283E76A3006DC3F7 /* Frameworks */ = {
			isa = PBXFrameworksBuildPhase;
			buildActionMask = 2147483647;
			files = (
				602B7A3D29A34F960082D3A7 /* CydiaSubstrate.framework in Frameworks */,
				6089793629A34D3200E2AA65 /* CoreGraphics.framework in Frameworks */,
				6089792F29A34D0C00E2AA65 /* MetalKit.framework in Frameworks */,
				EAD99F2B292FC92C00587574 /* AVFoundation.framework in Frameworks */,
				6089793029A34D0C00E2AA65 /* Metal.framework in Frameworks */,
				6089792C29A34D0500E2AA65 /* AdSupport.framework in Frameworks */,
				6089792A29A34CFD00E2AA65 /* Accelerate.framework in Frameworks */,
				EAD99F29292FC92200587574 /* UIKit.framework in Frameworks */,
				6089792429A34CE300E2AA65 /* CFNetwork.framework in Frameworks */,
				6089792629A34CEB00E2AA65 /* MobileCoreServices.framework in Frameworks */,
				6089792829A34CF000E2AA65 /* Security.framework in Frameworks */,
				6089792229A34CDC00E2AA65 /* QuartzCore.framework in Frameworks */,
				6089793429A34D1A00E2AA65 /* SystemConfiguration.framework in Frameworks */,
				6089793229A34D1400E2AA65 /* StoreKit.framework in Frameworks */,
			);
			runOnlyForDeploymentPostprocessing = 0;
		};
/* End PBXFrameworksBuildPhase section */

/* Begin PBXGroup section */
		6089789C29A34CC000E2AA65 /* FengCheMem */ = {
			isa = PBXGroup;
			children = (
				60B5A3672AFDCA970022D6FB /* hook */,
				60B5A3622AFDCA5D0022D6FB /* FengCheView.h */,
				60B5A35F2AFDCA5D0022D6FB /* FengCheView.mm */,
				60B5A3612AFDCA5D0022D6FB /* NSObject+main.h */,
				60B5A3602AFDCA5D0022D6FB /* NSObject+main.mm */,
				608978C929A34CC000E2AA65 /* Package */,
			);
			path = FengCheMem;
			sourceTree = "<group>";
		};
		608978C929A34CC000E2AA65 /* Package */ = {
			isa = PBXGroup;
			children = (
				608978CA29A34CC000E2AA65 /* DEBIAN */,
				608978CC29A34CC000E2AA65 /* Library */,
			);
			path = Package;
			sourceTree = "<group>";
		};
		608978CA29A34CC000E2AA65 /* DEBIAN */ = {
			isa = PBXGroup;
			children = (
				608978CB29A34CC000E2AA65 /* control */,
			);
			path = DEBIAN;
			sourceTree = "<group>";
		};
		608978CC29A34CC000E2AA65 /* Library */ = {
			isa = PBXGroup;
			children = (
				608978CD29A34CC000E2AA65 /* MobileSubstrate */,
			);
			path = Library;
			sourceTree = "<group>";
		};
		608978CD29A34CC000E2AA65 /* MobileSubstrate */ = {
			isa = PBXGroup;
			children = (
				608978CE29A34CC000E2AA65 /* DynamicLibraries */,
			);
			path = MobileSubstrate;
			sourceTree = "<group>";
		};
		608978CE29A34CC000E2AA65 /* DynamicLibraries */ = {
			isa = PBXGroup;
			children = (
				608978CF29A34CC000E2AA65 /* kuajincheng.dylib */,
				608978D029A34CC000E2AA65 /* kuajincheng.plist */,
			);
			path = DynamicLibraries;
			sourceTree = "<group>";
		};
		60B5A3672AFDCA970022D6FB /* hook */ = {
			isa = PBXGroup;
			children = (
				60B5A3682AFDCA970022D6FB /* ViewController.h */,
				60B5A3692AFDCA970022D6FB /* ViewController.m */,
				60B5A36A2AFDCA970022D6FB /* Window.h */,
				60B5A36B2AFDCA970022D6FB /* Window.m */,
				60B5A36C2AFDCA970022D6FB /* YMUIViewController.h */,
				60B5A36D2AFDCA970022D6FB /* YMUIViewController.m */,
				60B5A36E2AFDCA970022D6FB /* YMUIWindow.h */,
				60B5A36F2AFDCA970022D6FB /* YMUIWindow.m */,
			);
			path = hook;
			sourceTree = "<group>";
		};
		CD7019E8283E76A3006DC3F7 = {
			isa = PBXGroup;
			children = (
				6089789C29A34CC000E2AA65 /* FengCheMem */,
				CD7019F4283E76A3006DC3F7 /* Frameworks */,
				CD7019F3283E76A3006DC3F7 /* Products */,
			);
			sourceTree = "<group>";
		};
		CD7019F3283E76A3006DC3F7 /* Products */ = {
			isa = PBXGroup;
			children = (
				CD7019F2283E76A3006DC3F7 /* 3456.dylib */,
			);
			name = Products;
			sourceTree = "<group>";
		};
		CD7019F4283E76A3006DC3F7 /* Frameworks */ = {
			isa = PBXGroup;
			children = (
				602B7A3C29A34F960082D3A7 /* CydiaSubstrate.framework */,
				6089793529A34D3200E2AA65 /* CoreGraphics.framework */,
				6089793329A34D1A00E2AA65 /* SystemConfiguration.framework */,
				6089793129A34D1400E2AA65 /* StoreKit.framework */,
				6089792E29A34D0C00E2AA65 /* Metal.framework */,
				6089792D29A34D0C00E2AA65 /* MetalKit.framework */,
				6089792B29A34D0500E2AA65 /* AdSupport.framework */,
				6089792929A34CFD00E2AA65 /* Accelerate.framework */,
				6089792729A34CF000E2AA65 /* Security.framework */,
				6089792529A34CEB00E2AA65 /* MobileCoreServices.framework */,
				6089792329A34CE200E2AA65 /* CFNetwork.framework */,
				6089792129A34CDC00E2AA65 /* QuartzCore.framework */,
				EAD99F2A292FC92C00587574 /* AVFoundation.framework */,
				EAD99F28292FC92200587574 /* UIKit.framework */,
			);
			name = Frameworks;
			sourceTree = "<group>";
		};
/* End PBXGroup section */

/* Begin PBXHeadersBuildPhase section */
		CD7019EF283E76A3006DC3F7 /* Headers */ = {
			isa = PBXHeadersBuildPhase;
			buildActionMask = 2147483647;
			files = (
				60B5A3662AFDCA5D0022D6FB /* FengCheView.h in Headers */,
				60B5A3652AFDCA5D0022D6FB /* NSObject+main.h in Headers */,
				60B5A3722AFDCA970022D6FB /* Window.h in Headers */,
				60B5A3702AFDCA970022D6FB /* ViewController.h in Headers */,
				60B5A3762AFDCA970022D6FB /* YMUIWindow.h in Headers */,
				60B5A3742AFDCA970022D6FB /* YMUIViewController.h in Headers */,
			);
			runOnlyForDeploymentPostprocessing = 0;
		};
/* End PBXHeadersBuildPhase section */

/* Begin PBXNativeTarget section */
		CD7019F1283E76A3006DC3F7 /* 3456 */ = {
			isa = PBXNativeTarget;
			buildConfigurationList = CD701A05283E76A3006DC3F7 /* Build configuration list for PBXNativeTarget "3456" */;
			buildPhases = (
				CD7019ED283E76A3006DC3F7 /* Sources */,
				CD7019EE283E76A3006DC3F7 /* Frameworks */,
				CD7019EF283E76A3006DC3F7 /* Headers */,
				6089793E29A34DCB00E2AA65 /* Embed Frameworks */,
				60AE053129B3A5F3005F13F3 /* ShellScript */,
			);
			buildRules = (
			);
			dependencies = (
			);
			name = 3456;
			productName = BylibKjc;
			productReference = CD7019F2283E76A3006DC3F7 /* 3456.dylib */;
			productType = "com.apple.product-type.library.dynamic";
		};
/* End PBXNativeTarget section */

/* Begin PBXProject section */
		CD7019E9283E76A3006DC3F7 /* Project object */ = {
			isa = PBXProject;
			attributes = {
				LastUpgradeCheck = 1340;
				TargetAttributes = {
					CD7019F1283E76A3006DC3F7 = {
						CreatedOnToolsVersion = 13.2.1;
					};
				};
			};
			buildConfigurationList = CD7019EC283E76A3006DC3F7 /* Build configuration list for PBXProject "3456" */;
			compatibilityVersion = "Xcode 9.3";
			developmentRegion = en;
			hasScannedForEncodings = 0;
			knownRegions = (
				en,
				Base,
			);
			mainGroup = CD7019E8283E76A3006DC3F7;
			productRefGroup = CD7019E8283E76A3006DC3F7;
			projectDirPath = "";
			projectRoot = "";
			targets = (
				CD7019F1283E76A3006DC3F7 /* 3456 */,
			);
		};
/* End PBXProject section */

/* Begin PBXShellScriptBuildPhase section */
		60AE053129B3A5F3005F13F3 /* ShellScript */ = {
			isa = PBXShellScriptBuildPhase;
			buildActionMask = 8;
			files = (
			);
			inputFileListPaths = (
			);
			inputPaths = (
			);
			outputFileListPaths = (
			);
			outputPaths = (
			);
			runOnlyForDeploymentPostprocessing = 1;
			shellPath = /bin/sh;
			shellScript = "# Type a script or drag a script file from your workspace to insert its path.\n";
		};
/* End PBXShellScriptBuildPhase section */

/* Begin PBXSourcesBuildPhase section */
		CD7019ED283E76A3006DC3F7 /* Sources */ = {
			isa = PBXSourcesBuildPhase;
			buildActionMask = 2147483647;
			files = (
				60B5A3712AFDCA970022D6FB /* ViewController.m in Sources */,
				60B5A3642AFDCA5D0022D6FB /* NSObject+main.mm in Sources */,
				60B5A3632AFDCA5D0022D6FB /* FengCheView.mm in Sources */,
				60B5A3732AFDCA970022D6FB /* Window.m in Sources */,
				60B5A3752AFDCA970022D6FB /* YMUIViewController.m in Sources */,
				60B5A3772AFDCA970022D6FB /* YMUIWindow.m in Sources */,
			);
			runOnlyForDeploymentPostprocessing = 0;
		};
/* End PBXSourcesBuildPhase section */

/* Begin XCBuildConfiguration section */
		CD701A03283E76A3006DC3F7 /* Release */ = {
			isa = XCBuildConfiguration;
			buildSettings = {
				CLANG_WARN_BLOCK_CAPTURE_AUTORELEASING = YES;
				CLANG_WARN_BOOL_CONVERSION = YES;
				CLANG_WARN_COMMA = YES;
				CLANG_WARN_CONSTANT_CONVERSION = YES;
				CLANG_WARN_DEPRECATED_OBJC_IMPLEMENTATIONS = YES;
				CLANG_WARN_EMPTY_BODY = YES;
				CLANG_WARN_ENUM_CONVERSION = YES;
				CLANG_WARN_INFINITE_RECURSION = YES;
				CLANG_WARN_INT_CONVERSION = YES;
				CLANG_WARN_NON_LITERAL_NULL_CONVERSION = YES;
				CLANG_WARN_OBJC_IMPLICIT_RETAIN_SELF = YES;
				CLANG_WARN_OBJC_LITERAL_CONVERSION = YES;
				CLANG_WARN_QUOTED_INCLUDE_IN_FRAMEWORK_HEADER = YES;
				CLANG_WARN_RANGE_LOOP_ANALYSIS = YES;
				CLANG_WARN_STRICT_PROTOTYPES = YES;
				CLANG_WARN_SUSPICIOUS_MOVE = YES;
				CLANG_WARN_UNREACHABLE_CODE = YES;
				CLANG_WARN__DUPLICATE_METHOD_MATCH = YES;
				COPY_PHASE_STRIP = YES;
				ENABLE_STRICT_OBJC_MSGSEND = YES;
				EXCLUDED_RECURSIVE_SEARCH_PATH_SUBDIRECTORIES = "*.nib *.lproj *.gch (*) .DS_Store CVS .svn .git .hg *.xcodeproj *.xcode *.pbproj *.pbxproj";
				FRAMEWORK_SEARCH_PATHS = (
					"$(MonkeyDevPath)/frameworks/**",
					"$(MonkeyDevTheosPath)/vendor/lib",
				);
				GCC_C_LANGUAGE_STANDARD = gnu99;
				GCC_NO_COMMON_BLOCKS = YES;
				GCC_WARN_64_TO_32_BIT_CONVERSION = YES;
				GCC_WARN_ABOUT_MISSING_PROTOTYPES = YES;
				GCC_WARN_ABOUT_RETURN_TYPE = YES;
				GCC_WARN_UNDECLARED_SELECTOR = YES;
				GCC_WARN_UNINITIALIZED_AUTOS = YES;
				GCC_WARN_UNUSED_FUNCTION = YES;
				GCC_WARN_UNUSED_VARIABLE = YES;
				HEADER_SEARCH_PATHS = "$(MonkeyDevTheosPath)/vendor/include/**";
				IPHONEOS_DEPLOYMENT_TARGET = 12.0;
				LIBRARY_SEARCH_PATHS = "$(MonkeyDevTheosPath)/vendor/lib/**";
				MonkeyDevPath = /opt/MonkeyDev;
				MonkeyDevTheosPath = /opt/theos;
				OTHER_CFLAGS = "";
				SDKROOT = iphoneos;
				TARGETED_DEVICE_FAMILY = "1,2";
				VALIDATE_PRODUCT = YES;
			};
			name = Release;
		};
		CD701A04283E76A3006DC3F7 /* Debug */ = {
			isa = XCBuildConfiguration;
			buildSettings = {
				CLANG_WARN_BLOCK_CAPTURE_AUTORELEASING = YES;
				CLANG_WARN_BOOL_CONVERSION = YES;
				CLANG_WARN_COMMA = YES;
				CLANG_WARN_CONSTANT_CONVERSION = YES;
				CLANG_WARN_DEPRECATED_OBJC_IMPLEMENTATIONS = YES;
				CLANG_WARN_EMPTY_BODY = YES;
				CLANG_WARN_ENUM_CONVERSION = YES;
				CLANG_WARN_INFINITE_RECURSION = YES;
				CLANG_WARN_INT_CONVERSION = YES;
				CLANG_WARN_NON_LITERAL_NULL_CONVERSION = YES;
				CLANG_WARN_OBJC_IMPLICIT_RETAIN_SELF = YES;
				CLANG_WARN_OBJC_LITERAL_CONVERSION = YES;
				CLANG_WARN_QUOTED_INCLUDE_IN_FRAMEWORK_HEADER = YES;
				CLANG_WARN_RANGE_LOOP_ANALYSIS = YES;
				CLANG_WARN_STRICT_PROTOTYPES = YES;
				CLANG_WARN_SUSPICIOUS_MOVE = YES;
				CLANG_WARN_UNREACHABLE_CODE = YES;
				CLANG_WARN__DUPLICATE_METHOD_MATCH = YES;
				COPY_PHASE_STRIP = NO;
				ENABLE_STRICT_OBJC_MSGSEND = YES;
				ENABLE_TESTABILITY = YES;
				EXCLUDED_RECURSIVE_SEARCH_PATH_SUBDIRECTORIES = "*.nib *.lproj *.gch (*) .DS_Store CVS .svn .git .hg *.xcodeproj *.xcode *.pbproj *.pbxproj";
				FRAMEWORK_SEARCH_PATHS = (
					"$(MonkeyDevPath)/frameworks/**",
					"$(MonkeyDevTheosPath)/vendor/lib",
				);
				GCC_C_LANGUAGE_STANDARD = gnu99;
				GCC_DYNAMIC_NO_PIC = NO;
				GCC_NO_COMMON_BLOCKS = YES;
				GCC_OPTIMIZATION_LEVEL = 0;
				GCC_PREPROCESSOR_DEFINITIONS = (
					"DEBUG=1",
					"$(inherited)",
				);
				GCC_SYMBOLS_PRIVATE_EXTERN = NO;
				GCC_WARN_64_TO_32_BIT_CONVERSION = YES;
				GCC_WARN_ABOUT_MISSING_PROTOTYPES = YES;
				GCC_WARN_ABOUT_RETURN_TYPE = YES;
				GCC_WARN_UNDECLARED_SELECTOR = YES;
				GCC_WARN_UNINITIALIZED_AUTOS = YES;
				GCC_WARN_UNUSED_FUNCTION = YES;
				GCC_WARN_UNUSED_VARIABLE = YES;
				HEADER_SEARCH_PATHS = "$(MonkeyDevTheosPath)/vendor/include/**";
				IPHONEOS_DEPLOYMENT_TARGET = 12.0;
				LIBRARY_SEARCH_PATHS = "$(MonkeyDevTheosPath)/vendor/lib/**";
				MonkeyDevPath = /opt/MonkeyDev;
				MonkeyDevTheosPath = /opt/theos;
				ONLY_ACTIVE_ARCH = YES;
				OTHER_CFLAGS = "";
				SDKROOT = iphoneos;
				TARGETED_DEVICE_FAMILY = "1,2";
				VALIDATE_PRODUCT = NO;
			};
			name = Debug;
		};
		CD701A06283E76A3006DC3F7 /* Release */ = {
			isa = XCBuildConfiguration;
			buildSettings = {
				ALWAYS_SEARCH_USER_PATHS = NO;
				CLANG_ENABLE_OBJC_ARC = YES;
				CODE_SIGN_IDENTITY = "Apple Development";
				CODE_SIGN_STYLE = Automatic;
				COMPILER_INDEX_STORE_ENABLE = YES;
				DEVELOPMENT_TEAM = 7RVGRL9LRW;
				DYLIB_COMPATIBILITY_VERSION = 1;
				DYLIB_CURRENT_VERSION = 1;
				ENABLE_BITCODE = NO;
				EXCLUDED_ARCHS = "";
				FRAMEWORK_SEARCH_PATHS = (
					"$(inherited)",
					"$(PROJECT_DIR)",
					/opt/theos/vendor/lib,
				);
				GCC_C_LANGUAGE_STANDARD = gnu11;
				GCC_PRECOMPILE_PREFIX_HEADER = YES;
				GCC_PREFIX_HEADER = "3456-Prefix.pch";
				HEADER_SEARCH_PATHS = (
					"$(MonkeyDevPath)/include",
					"$(MonkeyDevTheosPath)/vendor/include/**",
				);
				INSTALL_PATH = /Library/MobileSubstrate/DynamicLibraries;
				IPHONEOS_DEPLOYMENT_TARGET = 11.0;
				LIBRARY_SEARCH_PATHS = (
					"$(inherited)",
					"$(PROJECT_DIR)/kuajincheng/Package/Library/MobileSubstrate/DynamicLibraries",
				);
				MonkeyDevBuildPackageOnAnyBuild = NO;
				MonkeyDevClearUiCacheOnInstall = NO;
				MonkeyDevCopyOnBuild = NO;
				MonkeyDevDeviceIP = "";
				MonkeyDevDevicePassword = "";
				MonkeyDevDevicePort = "";
				MonkeyDevInstallOnAnyBuild = YES;
				MonkeyDevInstallOnProfiling = YES;
				MonkeyDevkillProcessOnInstall = SpringBoard;
				OTHER_CFLAGS = "";
				PRECOMPS_INCLUDE_HEADERS_FROM_BUILT_PRODUCTS_DIR = YES;
				PRODUCT_NAME = 3456;
				SUPPORTS_MACCATALYST = NO;
				TARGETED_DEVICE_FAMILY = "1,2";
				VALID_ARCHS = "arm64 armv7 armv7s arm64e";
			};
			name = Release;
		};
		CD701A07283E76A3006DC3F7 /* Debug */ = {
			isa = XCBuildConfiguration;
			buildSettings = {
				ALWAYS_SEARCH_USER_PATHS = NO;
				"ARCHS[sdk=*]" = (
					arm64e,
					"$(ARCHS_STANDARD)",
				);
				CLANG_ENABLE_OBJC_ARC = YES;
				CODE_SIGN_IDENTITY = "Apple Development";
				CODE_SIGN_STYLE = Automatic;
				COMPILER_INDEX_STORE_ENABLE = YES;
				DEVELOPMENT_TEAM = 7RVGRL9LRW;
				DYLIB_COMPATIBILITY_VERSION = 1;
				DYLIB_CURRENT_VERSION = 1;
				ENABLE_BITCODE = NO;
				EXCLUDED_ARCHS = "";
				FRAMEWORK_SEARCH_PATHS = (
					"$(inherited)",
					"$(PROJECT_DIR)",
					/opt/theos/vendor/lib,
				);
				GCC_C_LANGUAGE_STANDARD = gnu11;
				GCC_PRECOMPILE_PREFIX_HEADER = YES;
				GCC_PREFIX_HEADER = "3456-Prefix.pch";
				HEADER_SEARCH_PATHS = (
					"$(MonkeyDevPath)/include",
					"$(MonkeyDevTheosPath)/vendor/include/**",
				);
				INSTALL_PATH = /Library/MobileSubstrate/DynamicLibraries;
				IPHONEOS_DEPLOYMENT_TARGET = 11.0;
				LIBRARY_SEARCH_PATHS = (
					"$(inherited)",
					"$(PROJECT_DIR)/kuajincheng/Package/Library/MobileSubstrate/DynamicLibraries",
				);
				MonkeyDevBuildPackageOnAnyBuild = NO;
				MonkeyDevClearUiCacheOnInstall = NO;
				MonkeyDevCopyOnBuild = NO;
				MonkeyDevDeviceIP = "";
				MonkeyDevDevicePassword = "";
				MonkeyDevDevicePort = "";
				MonkeyDevInstallOnAnyBuild = YES;
				MonkeyDevInstallOnProfiling = YES;
				MonkeyDevkillProcessOnInstall = SpringBoard;
				OTHER_CFLAGS = "";
				PRECOMPS_INCLUDE_HEADERS_FROM_BUILT_PRODUCTS_DIR = YES;
				PRODUCT_NAME = 3456;
				SUPPORTS_MACCATALYST = NO;
				TARGETED_DEVICE_FAMILY = "1,2";
				VALID_ARCHS = "arm64 armv7 armv7s arm64e";
			};
			name = Debug;
		};
/* End XCBuildConfiguration section */

/* Begin XCConfigurationList section */
		CD7019EC283E76A3006DC3F7 /* Build configuration list for PBXProject "3456" */ = {
			isa = XCConfigurationList;
			buildConfigurations = (
				CD701A03283E76A3006DC3F7 /* Release */,
				CD701A04283E76A3006DC3F7 /* Debug */,
			);
			defaultConfigurationIsVisible = 0;
			defaultConfigurationName = Release;
		};
		CD701A05283E76A3006DC3F7 /* Build configuration list for PBXNativeTarget "3456" */ = {
			isa = XCConfigurationList;
			buildConfigurations = (
				CD701A06283E76A3006DC3F7 /* Release */,
				CD701A07283E76A3006DC3F7 /* Debug */,
			);
			defaultConfigurationIsVisible = 0;
			defaultConfigurationName = Release;
		};
/* End XCConfigurationList section */
	};
	rootObject = CD7019E9283E76A3006DC3F7 /* Project object */;
}
